# This file is automatically @generated by pesde.
# It is not intended for manual editing.
format = 2
name = "hugodzibetti/brickpack"
version = "0.1.0"
target = "lune"

[graph."caveful_games/rbx_api_dump@0.1.0 lune"]
direct = ["rbx_api_dump", { name = "caveful_games/rbx_api_dump", version = "^0.1.0", index = "default" }, "standard"]

[graph."caveful_games/rbx_api_dump@0.1.0 lune".dependencies]
signal = ["jiwonz/signal@0.1.0 lune", "standard"]

[graph."caveful_games/rbx_api_dump@0.1.0 lune".pkg_ref]
ref_ty = "pesde"
index_url = "https://github.com/pesde-pkg/index"

[graph."caveful_games/rbx_api_dump@0.1.0 lune".pkg_ref.dependencies]
signal = [{ name = "jiwonz/signal", version = "^0.1.0", index = "https://github.com/pesde-pkg/index" }, "standard"]

[graph."caveful_games/table_helper@0.2.0-rc.1 luau".pkg_ref]
ref_ty = "pesde"
index_url = "https://github.com/pesde-pkg/index"

[graph."ewdev/tiniest@0.0.0-20251120T191744Z lune"]
direct = ["tiniest", { name = "ewdev/tiniest", version = "^0.0.0-20251120T191744Z", index = "default" }, "standard"]

[graph."ewdev/tiniest@0.0.0-20251120T191744Z lune".pkg_ref]
ref_ty = "pesde"
index_url = "https://github.com/pesde-pkg/index"

[graph."jiwonz/go@0.2.0 lune".dependencies]
task = ["jiwonz/task@0.2.0-rc.2 lune", "standard"]

[graph."jiwonz/go@0.2.0 lune".pkg_ref]
ref_ty = "pesde"
index_url = "https://github.com/pesde-pkg/index"

[graph."jiwonz/go@0.2.0 lune".pkg_ref.dependencies]
task = [{ name = "jiwonz/task", version = "^0.2.0-rc.1", index = "https://github.com/pesde-pkg/index" }, "standard"]

[graph."jiwonz/signal@0.1.0 lune".dependencies]
go = ["jiwonz/go@0.2.0 lune", "standard"]
table_helper = ["caveful_games/table_helper@0.2.0-rc.1 luau", "standard"]
task = ["jiwonz/task@0.2.0-rc.2 lune", "standard"]

[graph."jiwonz/signal@0.1.0 lune".pkg_ref]
ref_ty = "pesde"
index_url = "https://github.com/pesde-pkg/index"

[graph."jiwonz/signal@0.1.0 lune".pkg_ref.dependencies]
go = [{ name = "jiwonz/go", version = "^0.2.0", index = "https://github.com/pesde-pkg/index" }, "standard"]
table_helper = [{ name = "caveful_games/table_helper", version = "^0.2.0-rc.1", index = "https://github.com/pesde-pkg/index", target = "luau" }, "standard"]
task = [{ name = "jiwonz/task", version = "^0.2.0-rc.1", index = "https://github.com/pesde-pkg/index" }, "standard"]

[graph."jiwonz/task@0.2.0-rc.2 lune".pkg_ref]
ref_ty = "pesde"
index_url = "https://github.com/pesde-pkg/index"
