# This file is automatically @generated by Wally.
# It is not intended for manual editing.
registry = "test"

[[package]]
name = "csqrl/dump-parser"
version = "0.1.2"
dependencies = []

[[package]]
name = "hugod/rbx-instance-serializer"
version = "0.1.0"
dependencies = [["buffer-util", "sleitnick/buffer-util@0.3.2"], ["dump-parser", "csqrl/dump-parser@0.1.2"], ["testez", "roblox/testez@0.4.1"]]

[[package]]
name = "roblox/testez"
version = "0.4.1"
dependencies = []

[[package]]
name = "sleitnick/buffer-util"
version = "0.3.2"
dependencies = []
